{
  "name": "app",
  "version": "1.0.0",
  "lockfileVersion": 1,
  "requires": true,
  "dependencies": {
    "@dcsan/klassify": {
      "version": "0.0.4",
      "resolved": "https://registry.npmjs.org/@dcsan/klassify/-/klassify-0.0.4.tgz",
      "integrity": "sha512-tY0eTpQoGiHB7Z9QHuo6nXcq7FBZ1+96WuH+dOzxv6mh4kZyz9KpIjNObz3w1++c2shEGXWTu43PQax2l5YVVQ=="
    }
  }
}
